
Microsoft Visual Studio Solution File, Format Version 12.00
# Visual Studio Version 16
VisualStudioVersion = 16.0.32106.194
MinimumVisualStudioVersion = 10.0.40219.1
Project("{FAE04EC0-301F-11D3-BF4B-00C04F79EFBC}") = "CapaModeloGestorInventarios", "CapaModeloGestorInventarios\CapaModeloGestorInventarios.csproj", "{96300485-FAAC-48A5-B130-13A90918CD30}"
EndProject
Project("{FAE04EC0-301F-11D3-BF4B-00C04F79EFBC}") = "CapaControladorGestorInventarios", "CapaControladorGestorInventarios\CapaControladorGestorInventarios.csproj", "{BF1D7E31-853A-4A98-B6A0-5F444A4ABCB4}"
EndProject
Project("{FAE04EC0-301F-11D3-BF4B-00C04F79EFBC}") = "CapaVistaGestorInventarios", "CapaVistaGestorInventarios\CapaVistaGestorInventarios.csproj", "{2FAD201F-B1DC-4309-B38A-9C5B55BC932A}"
EndProject
Project("{2150E333-8FDC-42A3-9474-1A3956D46DE8}") = "Solution Items", "Solution Items", "{2A25AFDD-218C-4D14-9189-9F7AEDC73205}"
	ProjectSection(SolutionItems) = preProject
		Sonar.properties = Sonar.properties
	EndProjectSection
EndProject
Global
	GlobalSection(SolutionConfigurationPlatforms) = preSolution
		Debug|Any CPU = Debug|Any CPU
		Release|Any CPU = Release|Any CPU
	EndGlobalSection
	GlobalSection(ProjectConfigurationPlatforms) = postSolution
		{96300485-FAAC-48A5-B130-13A90918CD30}.Debug|Any CPU.ActiveCfg = Debug|Any CPU
		{96300485-FAAC-48A5-B130-13A90918CD30}.Debug|Any CPU.Build.0 = Debug|Any CPU
		{96300485-FAAC-48A5-B130-13A90918CD30}.Release|Any CPU.ActiveCfg = Release|Any CPU
		{96300485-FAAC-48A5-B130-13A90918CD30}.Release|Any CPU.Build.0 = Release|Any CPU
		{BF1D7E31-853A-4A98-B6A0-5F444A4ABCB4}.Debug|Any CPU.ActiveCfg = Debug|Any CPU
		{BF1D7E31-853A-4A98-B6A0-5F444A4ABCB4}.Debug|Any CPU.Build.0 = Debug|Any CPU
		{BF1D7E31-853A-4A98-B6A0-5F444A4ABCB4}.Release|Any CPU.ActiveCfg = Release|Any CPU
		{BF1D7E31-853A-4A98-B6A0-5F444A4ABCB4}.Release|Any CPU.Build.0 = Release|Any CPU
		{2FAD201F-B1DC-4309-B38A-9C5B55BC932A}.Debug|Any CPU.ActiveCfg = Debug|Any CPU
		{2FAD201F-B1DC-4309-B38A-9C5B55BC932A}.Debug|Any CPU.Build.0 = Debug|Any CPU
		{2FAD201F-B1DC-4309-B38A-9C5B55BC932A}.Release|Any CPU.ActiveCfg = Release|Any CPU
		{2FAD201F-B1DC-4309-B38A-9C5B55BC932A}.Release|Any CPU.Build.0 = Release|Any CPU
	EndGlobalSection
	GlobalSection(SolutionProperties) = preSolution
		HideSolutionNode = FALSE
	EndGlobalSection
	GlobalSection(ExtensibilityGlobals) = postSolution
		SolutionGuid = {420D7BAF-58C0-4FE9-A9EE-C2257DC58E12}
	EndGlobalSection
EndGlobal
