
Microsoft Visual Studio Solution File, Format Version 12.00
# Visual Studio Version 16
VisualStudioVersion = 16.0.32106.194
MinimumVisualStudioVersion = 10.0.40219.1
Project("{FAE04EC0-301F-11D3-BF4B-00C04F79EFBC}") = "CapaVistaNavegador", "CapaVistaNavegador\CapaVistaNavegador.csproj", "{C163F74C-13CA-48B9-8C01-6EBC4C05289F}"
EndProject
Project("{FAE04EC0-301F-11D3-BF4B-00C04F79EFBC}") = "CapaModeloNavegador", "CapaModeloNavegador\CapaModeloNavegador.csproj", "{03526D9C-CD39-47BD-AA36-48E10F82EA4D}"
EndProject
Project("{FAE04EC0-301F-11D3-BF4B-00C04F79EFBC}") = "CapaControladorNavegador", "CapaControladorNavegador\CapaControladorNavegador.csproj", "{35914F10-303F-4769-B763-A01B62A08A93}"
EndProject
Global
	GlobalSection(SolutionConfigurationPlatforms) = preSolution
		Debug|Any CPU = Debug|Any CPU
		Release|Any CPU = Release|Any CPU
	EndGlobalSection
	GlobalSection(ProjectConfigurationPlatforms) = postSolution
		{C163F74C-13CA-48B9-8C01-6EBC4C05289F}.Debug|Any CPU.ActiveCfg = Debug|Any CPU
		{C163F74C-13CA-48B9-8C01-6EBC4C05289F}.Debug|Any CPU.Build.0 = Debug|Any CPU
		{C163F74C-13CA-48B9-8C01-6EBC4C05289F}.Release|Any CPU.ActiveCfg = Release|Any CPU
		{C163F74C-13CA-48B9-8C01-6EBC4C05289F}.Release|Any CPU.Build.0 = Release|Any CPU
		{03526D9C-CD39-47BD-AA36-48E10F82EA4D}.Debug|Any CPU.ActiveCfg = Debug|Any CPU
		{03526D9C-CD39-47BD-AA36-48E10F82EA4D}.Debug|Any CPU.Build.0 = Debug|Any CPU
		{03526D9C-CD39-47BD-AA36-48E10F82EA4D}.Release|Any CPU.ActiveCfg = Release|Any CPU
		{03526D9C-CD39-47BD-AA36-48E10F82EA4D}.Release|Any CPU.Build.0 = Release|Any CPU
		{35914F10-303F-4769-B763-A01B62A08A93}.Debug|Any CPU.ActiveCfg = Debug|Any CPU
		{35914F10-303F-4769-B763-A01B62A08A93}.Debug|Any CPU.Build.0 = Debug|Any CPU
		{35914F10-303F-4769-B763-A01B62A08A93}.Release|Any CPU.ActiveCfg = Release|Any CPU
		{35914F10-303F-4769-B763-A01B62A08A93}.Release|Any CPU.Build.0 = Release|Any CPU
	EndGlobalSection
	GlobalSection(SolutionProperties) = preSolution
		HideSolutionNode = FALSE
	EndGlobalSection
	GlobalSection(ExtensibilityGlobals) = postSolution
		SolutionGuid = {8C309FDA-643E-447F-A4C7-0BA944277905}
	EndGlobalSection
EndGlobal
