
Microsoft Visual Studio Solution File, Format Version 12.00
# Visual Studio Version 16
VisualStudioVersion = 16.0.32106.194
MinimumVisualStudioVersion = 10.0.40219.1
Project("{FAE04EC0-301F-11D3-BF4B-00C04F79EFBC}") = "CapaVistaSeguridad", "CapaVistaSeguridad\CapaVistaSeguridad.csproj", "{D6816351-CB99-48AB-B58E-CDDCE5D37B06}"
EndProject
Project("{FAE04EC0-301F-11D3-BF4B-00C04F79EFBC}") = "CapaModeloSeguridad", "CapaModeloSeguridad\CapaModeloSeguridad.csproj", "{C3B43C4E-F7FD-4B19-BB05-6F3E2C827D78}"
EndProject
Project("{FAE04EC0-301F-11D3-BF4B-00C04F79EFBC}") = "CapaControladorSeguridad", "CapaControladorSeguridad\CapaControladorSeguridad.csproj", "{9E271A9C-19ED-48F2-AF93-0754C4940AFD}"
EndProject
Global
	GlobalSection(SolutionConfigurationPlatforms) = preSolution
		Debug|Any CPU = Debug|Any CPU
		Release|Any CPU = Release|Any CPU
	EndGlobalSection
	GlobalSection(ProjectConfigurationPlatforms) = postSolution
		{D6816351-CB99-48AB-B58E-CDDCE5D37B06}.Debug|Any CPU.ActiveCfg = Debug|Any CPU
		{D6816351-CB99-48AB-B58E-CDDCE5D37B06}.Debug|Any CPU.Build.0 = Debug|Any CPU
		{D6816351-CB99-48AB-B58E-CDDCE5D37B06}.Release|Any CPU.ActiveCfg = Release|Any CPU
		{D6816351-CB99-48AB-B58E-CDDCE5D37B06}.Release|Any CPU.Build.0 = Release|Any CPU
		{C3B43C4E-F7FD-4B19-BB05-6F3E2C827D78}.Debug|Any CPU.ActiveCfg = Debug|Any CPU
		{C3B43C4E-F7FD-4B19-BB05-6F3E2C827D78}.Debug|Any CPU.Build.0 = Debug|Any CPU
		{C3B43C4E-F7FD-4B19-BB05-6F3E2C827D78}.Release|Any CPU.ActiveCfg = Release|Any CPU
		{C3B43C4E-F7FD-4B19-BB05-6F3E2C827D78}.Release|Any CPU.Build.0 = Release|Any CPU
		{9E271A9C-19ED-48F2-AF93-0754C4940AFD}.Debug|Any CPU.ActiveCfg = Debug|Any CPU
		{9E271A9C-19ED-48F2-AF93-0754C4940AFD}.Debug|Any CPU.Build.0 = Debug|Any CPU
		{9E271A9C-19ED-48F2-AF93-0754C4940AFD}.Release|Any CPU.ActiveCfg = Release|Any CPU
		{9E271A9C-19ED-48F2-AF93-0754C4940AFD}.Release|Any CPU.Build.0 = Release|Any CPU
	EndGlobalSection
	GlobalSection(SolutionProperties) = preSolution
		HideSolutionNode = FALSE
	EndGlobalSection
	GlobalSection(ExtensibilityGlobals) = postSolution
		SolutionGuid = {30D99BFB-5F47-4395-8842-EF5D1217C6B1}
	EndGlobalSection
EndGlobal
