
Microsoft Visual Studio Solution File, Format Version 12.00
# Visual Studio Version 16
VisualStudioVersion = 16.0.32106.194
MinimumVisualStudioVersion = 10.0.40219.1
Project("{FAE04EC0-301F-11D3-BF4B-00C04F79EFBC}") = "Proyecto IEC", "Proyecto IEC\Proyecto IEC.csproj", "{BED1494A-7AD8-45E9-A144-2D3CAA74818F}"
EndProject
Project("{FAE04EC0-301F-11D3-BF4B-00C04F79EFBC}") = "CapaModeloProyectoIEC", "CapaModeloProyectoIEC\CapaModeloProyectoIEC.csproj", "{2BFE8F1E-612B-466B-B8BE-C35B8146099F}"
EndProject
Project("{FAE04EC0-301F-11D3-BF4B-00C04F79EFBC}") = "CapaContoladorProyectoIEC", "CapaContoladorProyectoIEC\CapaContoladorProyectoIEC.csproj", "{685B9032-7A3A-464C-9B3E-85675E27542A}"
EndProject
Global
	GlobalSection(SolutionConfigurationPlatforms) = preSolution
		Debug|Any CPU = Debug|Any CPU
		Release|Any CPU = Release|Any CPU
	EndGlobalSection
	GlobalSection(ProjectConfigurationPlatforms) = postSolution
		{BED1494A-7AD8-45E9-A144-2D3CAA74818F}.Debug|Any CPU.ActiveCfg = Debug|Any CPU
		{BED1494A-7AD8-45E9-A144-2D3CAA74818F}.Debug|Any CPU.Build.0 = Debug|Any CPU
		{BED1494A-7AD8-45E9-A144-2D3CAA74818F}.Release|Any CPU.ActiveCfg = Release|Any CPU
		{BED1494A-7AD8-45E9-A144-2D3CAA74818F}.Release|Any CPU.Build.0 = Release|Any CPU
		{2BFE8F1E-612B-466B-B8BE-C35B8146099F}.Debug|Any CPU.ActiveCfg = Debug|Any CPU
		{2BFE8F1E-612B-466B-B8BE-C35B8146099F}.Debug|Any CPU.Build.0 = Debug|Any CPU
		{2BFE8F1E-612B-466B-B8BE-C35B8146099F}.Release|Any CPU.ActiveCfg = Release|Any CPU
		{2BFE8F1E-612B-466B-B8BE-C35B8146099F}.Release|Any CPU.Build.0 = Release|Any CPU
		{685B9032-7A3A-464C-9B3E-85675E27542A}.Debug|Any CPU.ActiveCfg = Debug|Any CPU
		{685B9032-7A3A-464C-9B3E-85675E27542A}.Debug|Any CPU.Build.0 = Debug|Any CPU
		{685B9032-7A3A-464C-9B3E-85675E27542A}.Release|Any CPU.ActiveCfg = Release|Any CPU
		{685B9032-7A3A-464C-9B3E-85675E27542A}.Release|Any CPU.Build.0 = Release|Any CPU
	EndGlobalSection
	GlobalSection(SolutionProperties) = preSolution
		HideSolutionNode = FALSE
	EndGlobalSection
	GlobalSection(ExtensibilityGlobals) = postSolution
		SolutionGuid = {F7E04AC5-FC98-4A6E-8A81-1B890DA18058}
	EndGlobalSection
EndGlobal
